
Microsoft Visual Studio Solution File, Format Version 12.00
# Visual Studio Version 16
VisualStudioVersion = 16.0.31025.194
MinimumVisualStudioVersion = 10.0.40219.1
Project("{9A19103F-16F7-4668-BE54-9A1E7A4F7556}") = "demo", "demo.csproj", "{2E5C5B04-FB8C-4527-A950-DCE3EE2A49D0}"
EndProject
Project("{9A19103F-16F7-4668-BE54-9A1E7A4F7556}") = "Demo.Application", "..\Demo.Application\Demo.Application.csproj", "{E0E9C871-7FC4-46EA-942C-D84C8D5F6980}"
EndProject
Project("{9A19103F-16F7-4668-BE54-9A1E7A4F7556}") = "Demo.Entities", "..\Demo.Entities\Demo.Entities.csproj", "{3DEA80E6-4E4E-4F44-B97C-682B51ADF430}"
EndProject
Project("{9A19103F-16F7-4668-BE54-9A1E7A4F7556}") = "Demo.Persistant", "..\Demo.Persistant\Demo.Persistant.csproj", "{4443FC03-EEE8-4A59-B83A-B9843153530F}"
EndProject
Project("{FAE04EC0-301F-11D3-BF4B-00C04F79EFBC}") = "Demo.Common", "..\Demo.Common\Demo.Common.csproj", "{BD214382-163E-49CB-ACD9-02D3887C411E}"
EndProject
Global
	GlobalSection(SolutionConfigurationPlatforms) = preSolution
		Debug|Any CPU = Debug|Any CPU
		Release|Any CPU = Release|Any CPU
	EndGlobalSection
	GlobalSection(ProjectConfigurationPlatforms) = postSolution
		{2E5C5B04-FB8C-4527-A950-DCE3EE2A49D0}.Debug|Any CPU.ActiveCfg = Debug|Any CPU
		{2E5C5B04-FB8C-4527-A950-DCE3EE2A49D0}.Debug|Any CPU.Build.0 = Debug|Any CPU
		{2E5C5B04-FB8C-4527-A950-DCE3EE2A49D0}.Release|Any CPU.ActiveCfg = Release|Any CPU
		{2E5C5B04-FB8C-4527-A950-DCE3EE2A49D0}.Release|Any CPU.Build.0 = Release|Any CPU
		{E0E9C871-7FC4-46EA-942C-D84C8D5F6980}.Debug|Any CPU.ActiveCfg = Debug|Any CPU
		{E0E9C871-7FC4-46EA-942C-D84C8D5F6980}.Debug|Any CPU.Build.0 = Debug|Any CPU
		{E0E9C871-7FC4-46EA-942C-D84C8D5F6980}.Release|Any CPU.ActiveCfg = Release|Any CPU
		{E0E9C871-7FC4-46EA-942C-D84C8D5F6980}.Release|Any CPU.Build.0 = Release|Any CPU
		{3DEA80E6-4E4E-4F44-B97C-682B51ADF430}.Debug|Any CPU.ActiveCfg = Debug|Any CPU
		{3DEA80E6-4E4E-4F44-B97C-682B51ADF430}.Debug|Any CPU.Build.0 = Debug|Any CPU
		{3DEA80E6-4E4E-4F44-B97C-682B51ADF430}.Release|Any CPU.ActiveCfg = Release|Any CPU
		{3DEA80E6-4E4E-4F44-B97C-682B51ADF430}.Release|Any CPU.Build.0 = Release|Any CPU
		{4443FC03-EEE8-4A59-B83A-B9843153530F}.Debug|Any CPU.ActiveCfg = Debug|Any CPU
		{4443FC03-EEE8-4A59-B83A-B9843153530F}.Debug|Any CPU.Build.0 = Debug|Any CPU
		{4443FC03-EEE8-4A59-B83A-B9843153530F}.Release|Any CPU.ActiveCfg = Release|Any CPU
		{4443FC03-EEE8-4A59-B83A-B9843153530F}.Release|Any CPU.Build.0 = Release|Any CPU
		{BD214382-163E-49CB-ACD9-02D3887C411E}.Debug|Any CPU.ActiveCfg = Debug|Any CPU
		{BD214382-163E-49CB-ACD9-02D3887C411E}.Debug|Any CPU.Build.0 = Debug|Any CPU
		{BD214382-163E-49CB-ACD9-02D3887C411E}.Release|Any CPU.ActiveCfg = Release|Any CPU
		{BD214382-163E-49CB-ACD9-02D3887C411E}.Release|Any CPU.Build.0 = Release|Any CPU
	EndGlobalSection
	GlobalSection(SolutionProperties) = preSolution
		HideSolutionNode = FALSE
	EndGlobalSection
	GlobalSection(ExtensibilityGlobals) = postSolution
		SolutionGuid = {A1F2D72B-C99B-4F9B-91FD-5B728B7E4D92}
	EndGlobalSection
EndGlobal
